<?xml version="1.0" encoding="utf-8"?>
<Project ToolsVersion="4.0" xmlns="http://schemas.microsoft.com/developer/msbuild/2003">
  <ItemGroup>
    <ClInclude Include="..\source\stdafx.h" />
    <ClInclude Include="..\source\config.h" />
    <ClInclude Include="..\source\support.h" />
    <ClInclude Include="..\source\Bar.h">
      <Filter>Object</Filter>
    </ClInclude>
    <ClInclude Include="..\source\Object.h">
      <Filter>Object</Filter>
    </ClInclude>
    <ClInclude Include="..\source\Game.h">
      <Filter>Core</Filter>
    </ClInclude>
    <ClInclude Include="..\source\Brick.h">
      <Filter>Object</Filter>
    </ClInclude>
    <ClInclude Include="..\source\Ball.h">
      <Filter>Object</Filter>
    </ClInclude>
    <ClInclude Include="..\source\Map.h">
      <Filter>Maps</Filter>
    </ClInclude>
  </ItemGroup>
  <ItemGroup>
    <ClCompile Include="..\source\Bar.cpp">
      <Filter>Object</Filter>
    </ClCompile>
    <ClCompile Include="..\source\Game.cpp">
      <Filter>Core</Filter>
    </ClCompile>
    <ClCompile Include="..\source\Brick.cpp">
      <Filter>Object</Filter>
    </ClCompile>
    <ClCompile Include="..\source\Ball.cpp">
      <Filter>Object</Filter>
    </ClCompile>
    <ClCompile Include="..\source\Map.cpp">
      <Filter>Maps</Filter>
    </ClCompile>
    <ClCompile Include="..\source\support.cpp" />
  </ItemGroup>
  <ItemGroup>
    <Filter Include="Object">
      <UniqueIdentifier>{072d0c93-e2d4-4115-9a49-f46cb232c182}</UniqueIdentifier>
    </Filter>
    <Filter Include="Core">
      <UniqueIdentifier>{ae839592-1b47-472e-8322-444185d772f5}</UniqueIdentifier>
    </Filter>
    <Filter Include="Maps">
      <UniqueIdentifier>{cd526bb6-4bf5-4faf-80ad-4f2c5254fad8}</UniqueIdentifier>
    </Filter>
  </ItemGroup>
  <ItemGroup>
    <Text Include="..\source\Map.txt">
      <Filter>Maps</Filter>
    </Text>
  </ItemGroup>
</Project>