<?xml version="1.0" encoding="utf-8"?>
<Project ToolsVersion="4.0" xmlns="http://schemas.microsoft.com/developer/msbuild/2003">
  <ItemGroup>
    <ClInclude Include="..\source\stdafx.h" />
    <ClInclude Include="..\source\Game.h">
      <Filter>Core</Filter>
    </ClInclude>
    <ClInclude Include="..\source\config.h" />
    <ClInclude Include="..\source\support.h" />
    <ClInclude Include="..\source\Factory.h">
      <Filter>Factory</Filter>
    </ClInclude>
    <ClInclude Include="..\source\Component.h">
      <Filter>ComponentSystem</Filter>
    </ClInclude>
    <ClInclude Include="..\source\RenderSystem.h">
      <Filter>ComponentSystem</Filter>
    </ClInclude>
    <ClInclude Include="..\source\Map.h">
      <Filter>Map</Filter>
    </ClInclude>
    <ClInclude Include="..\source\Entity.h">
      <Filter>EntityManager</Filter>
    </ClInclude>
    <ClInclude Include="..\source\EntityManager.h">
      <Filter>EntityManager</Filter>
    </ClInclude>
    <ClInclude Include="..\source\AnimationSystem.h">
      <Filter>ComponentSystem</Filter>
    </ClInclude>
    <ClInclude Include="..\..\..\Rye%27s Game\trunk\source\TransformSystem.h">
      <Filter>ComponentSystem</Filter>
    </ClInclude>
  </ItemGroup>
  <ItemGroup>
    <ClCompile Include="..\source\Game.cpp">
      <Filter>Core</Filter>
    </ClCompile>
    <ClCompile Include="..\source\Factory.cpp">
      <Filter>Factory</Filter>
    </ClCompile>
    <ClCompile Include="..\source\RenderSystem.cpp">
      <Filter>ComponentSystem</Filter>
    </ClCompile>
    <ClCompile Include="..\source\Map.cpp">
      <Filter>Map</Filter>
    </ClCompile>
    <ClCompile Include="..\source\Entity.cpp">
      <Filter>EntityManager</Filter>
    </ClCompile>
    <ClCompile Include="..\source\EntityManager.cpp">
      <Filter>EntityManager</Filter>
    </ClCompile>
    <ClCompile Include="..\..\..\Rye%27s Game\trunk\source\TransformSystem.cpp">
      <Filter>ComponentSystem</Filter>
    </ClCompile>
  </ItemGroup>
  <ItemGroup>
    <Filter Include="Core">
      <UniqueIdentifier>{ae839592-1b47-472e-8322-444185d772f5}</UniqueIdentifier>
    </Filter>
    <Filter Include="Factory">
      <UniqueIdentifier>{20e17241-2338-4cd8-89ad-e964b9f8f680}</UniqueIdentifier>
    </Filter>
    <Filter Include="EntityManager">
      <UniqueIdentifier>{a481c9df-ad3b-4d00-8b5d-7ee7f1444d7a}</UniqueIdentifier>
    </Filter>
    <Filter Include="ComponentSystem">
      <UniqueIdentifier>{e1f852e5-e03f-4080-bd6c-cf7f50ff62a6}</UniqueIdentifier>
    </Filter>
    <Filter Include="Map">
      <UniqueIdentifier>{a709bc8f-b239-4467-ab68-3eda211658a5}</UniqueIdentifier>
    </Filter>
  </ItemGroup>
</Project>