<?xml version="1.0" encoding="utf-8"?>
<Project ToolsVersion="4.0" xmlns="http://schemas.microsoft.com/developer/msbuild/2003">
  <ItemGroup>
    <ClInclude Include="..\source\Game.h" />
    <ClInclude Include="..\source\stdafx.h" />
    <ClInclude Include="..\source\Resources.h">
      <Filter>Resources</Filter>
    </ClInclude>
    <ClInclude Include="..\source\MoveableObject.h">
      <Filter>GameObject\MoveableObject</Filter>
    </ClInclude>
    <ClInclude Include="..\source\StaticObject.h">
      <Filter>GameObject\StaticObject</Filter>
    </ClInclude>
    <ClInclude Include="..\source\Collision.h" />
    <ClInclude Include="..\source\Background.h">
      <Filter>GameObject\StaticObject</Filter>
    </ClInclude>
    <ClInclude Include="..\source\Bar.h">
      <Filter>GameObject\MoveableObject</Filter>
    </ClInclude>
    <ClInclude Include="..\source\Ball.h">
      <Filter>GameObject\MoveableObject</Filter>
    </ClInclude>
    <ClInclude Include="..\source\AbstractBrick.h">
      <Filter>GameObject\MoveableObject\Brick</Filter>
    </ClInclude>
    <ClInclude Include="..\source\ExplosiveBrick.h">
      <Filter>GameObject\MoveableObject\Brick</Filter>
    </ClInclude>
    <ClInclude Include="..\source\ImmortalBrick.h">
      <Filter>GameObject\MoveableObject\Brick</Filter>
    </ClInclude>
    <ClInclude Include="..\source\NormalBrick.h">
      <Filter>GameObject\MoveableObject\Brick</Filter>
    </ClInclude>
    <ClInclude Include="..\source\GameDefine.h" />
    <ClInclude Include="..\source\Object.h">
      <Filter>GameObject</Filter>
    </ClInclude>
  </ItemGroup>
  <ItemGroup>
    <ClCompile Include="..\source\Game.cpp" />
    <ClCompile Include="..\source\stdafx.cpp" />
    <ClCompile Include="..\source\main.cpp" />
    <ClCompile Include="..\source\Resources.cpp">
      <Filter>Resources</Filter>
    </ClCompile>
    <ClCompile Include="..\source\MoveableObject.cpp">
      <Filter>GameObject\MoveableObject</Filter>
    </ClCompile>
    <ClCompile Include="..\source\StaticObject.cpp">
      <Filter>GameObject\StaticObject</Filter>
    </ClCompile>
    <ClCompile Include="..\source\Collision.cpp" />
    <ClCompile Include="..\source\Background.cpp">
      <Filter>GameObject\StaticObject</Filter>
    </ClCompile>
    <ClCompile Include="..\source\Bar.cpp">
      <Filter>GameObject\MoveableObject</Filter>
    </ClCompile>
    <ClCompile Include="..\source\Ball.cpp">
      <Filter>GameObject\MoveableObject</Filter>
    </ClCompile>
    <ClCompile Include="..\source\AbstractBrick.cpp">
      <Filter>GameObject\MoveableObject\Brick</Filter>
    </ClCompile>
    <ClCompile Include="..\source\ExplosiveBrick.cpp">
      <Filter>GameObject\MoveableObject\Brick</Filter>
    </ClCompile>
    <ClCompile Include="..\source\ImmortalBrick.cpp">
      <Filter>GameObject\MoveableObject\Brick</Filter>
    </ClCompile>
    <ClCompile Include="..\source\NormalBrick.cpp">
      <Filter>GameObject\MoveableObject\Brick</Filter>
    </ClCompile>
    <ClCompile Include="..\source\Object.cpp">
      <Filter>GameObject</Filter>
    </ClCompile>
  </ItemGroup>
  <ItemGroup>
    <Filter Include="Resources">
      <UniqueIdentifier>{50abe743-e684-490a-b59f-0499c15863aa}</UniqueIdentifier>
    </Filter>
    <Filter Include="GameObject">
      <UniqueIdentifier>{8ea5db2b-2654-4314-9f8f-ccaa73f61390}</UniqueIdentifier>
    </Filter>
    <Filter Include="GameObject\MoveableObject">
      <UniqueIdentifier>{6ce4dac3-c723-4617-a36a-c7d7578eea51}</UniqueIdentifier>
    </Filter>
    <Filter Include="GameObject\MoveableObject\Brick">
      <UniqueIdentifier>{5a29ad07-e797-4bed-95cb-7d07011f495f}</UniqueIdentifier>
    </Filter>
    <Filter Include="GameObject\StaticObject">
      <UniqueIdentifier>{d54a9c2c-a799-46fc-a2c0-ec08daa99bdb}</UniqueIdentifier>
    </Filter>
  </ItemGroup>
</Project>