<?xml version="1.0" encoding="utf-8"?>
<Project ToolsVersion="4.0" xmlns="http://schemas.microsoft.com/developer/msbuild/2003">
  <ItemGroup>
    <ClInclude Include="..\source\Entity.h">
      <Filter>Entity</Filter>
    </ClInclude>
    <ClInclude Include="..\source\EntityManager.h">
      <Filter>Entity</Filter>
    </ClInclude>
    <ClInclude Include="..\source\Factory.h">
      <Filter>Factory</Filter>
    </ClInclude>
    <ClInclude Include="..\source\Game.h">
      <Filter>Main</Filter>
    </ClInclude>
    <ClInclude Include="..\source\stdafx.h">
      <Filter>Main</Filter>
    </ClInclude>
    <ClInclude Include="..\source\Component.h">
      <Filter>Component</Filter>
    </ClInclude>
    <ClInclude Include="..\source\AnimationSystem.h">
      <Filter>System</Filter>
    </ClInclude>
    <ClInclude Include="..\source\MovementSystem.h">
      <Filter>System</Filter>
    </ClInclude>
    <ClInclude Include="..\source\RenderSystem.h">
      <Filter>System</Filter>
    </ClInclude>
    <ClInclude Include="..\source\Support.h" />
  </ItemGroup>
  <ItemGroup>
    <Filter Include="System">
      <UniqueIdentifier>{ebcd12ab-9be7-4123-8376-434e46600cc8}</UniqueIdentifier>
    </Filter>
    <Filter Include="Component">
      <UniqueIdentifier>{a9853256-ed98-488b-a1e6-3c1a2840d9ee}</UniqueIdentifier>
    </Filter>
    <Filter Include="Entity">
      <UniqueIdentifier>{713d3344-2695-4110-b9f9-834b8997ed88}</UniqueIdentifier>
    </Filter>
    <Filter Include="Factory">
      <UniqueIdentifier>{aa2ac332-8604-464f-ad68-d4c6b3116656}</UniqueIdentifier>
    </Filter>
    <Filter Include="Main">
      <UniqueIdentifier>{375c83bd-1e0e-4dde-9623-66485195ec1d}</UniqueIdentifier>
    </Filter>
  </ItemGroup>
  <ItemGroup>
    <ClCompile Include="..\source\Game.cpp">
      <Filter>Main</Filter>
    </ClCompile>
    <ClCompile Include="..\source\Entity.cpp">
      <Filter>Entity</Filter>
    </ClCompile>
    <ClCompile Include="..\source\EntityManager.cpp">
      <Filter>Entity</Filter>
    </ClCompile>
    <ClCompile Include="..\source\Factory.cpp">
      <Filter>Factory</Filter>
    </ClCompile>
    <ClCompile Include="..\source\AnimationSystem.cpp">
      <Filter>System</Filter>
    </ClCompile>
    <ClCompile Include="..\source\MovementSystem.cpp">
      <Filter>System</Filter>
    </ClCompile>
    <ClCompile Include="..\source\RenderSystem.cpp">
      <Filter>System</Filter>
    </ClCompile>
    <ClCompile Include="..\source\Support.cpp" />
  </ItemGroup>
</Project>