<?xml version="1.0" encoding="utf-8"?>
<Project ToolsVersion="4.0" xmlns="http://schemas.microsoft.com/developer/msbuild/2003">
  <ItemGroup>
    <ClInclude Include="..\source\Game.h">
      <Filter>MainGame</Filter>
    </ClInclude>
    <ClInclude Include="..\source\stdafx.h">
      <Filter>Support</Filter>
    </ClInclude>
    <ClInclude Include="..\source\config.h">
      <Filter>Support</Filter>
    </ClInclude>
    <ClInclude Include="..\source\support.h">
      <Filter>Support</Filter>
    </ClInclude>
  </ItemGroup>
  <ItemGroup>
    <ClCompile Include="..\source\Game.cpp">
      <Filter>MainGame</Filter>
    </ClCompile>
    <ClCompile Include="..\source\main.cpp">
      <Filter>MainGame</Filter>
    </ClCompile>
    <ClCompile Include="..\source\stdafx.cpp">
      <Filter>Support</Filter>
    </ClCompile>
    <ClCompile Include="..\source\support.cpp">
      <Filter>Support</Filter>
    </ClCompile>
  </ItemGroup>
  <ItemGroup>
    <Filter Include="MainGame">
      <UniqueIdentifier>{dcb18555-6c94-44a0-a07e-58f3e33e718c}</UniqueIdentifier>
    </Filter>
    <Filter Include="Support">
      <UniqueIdentifier>{1c9f8dca-1518-4fb3-b2e9-6cf614bdf4bb}</UniqueIdentifier>
    </Filter>
  </ItemGroup>
  <ItemGroup>
    <Text Include="..\source\Note.txt">
      <Filter>Support</Filter>
    </Text>
  </ItemGroup>
</Project>